
Microsoft Visual Studio Solution File, Format Version 12.00
# Visual Studio 2013
VisualStudioVersion = 12.0.30723.0
MinimumVisualStudioVersion = 10.0.40219.1
Project("{FAE04EC0-301F-11D3-BF4B-00C04F79EFBC}") = "Mediator.Tests", "Mediator.Tests\Mediator.Tests.csproj", "{8AAD0749-F402-406E-978E-E2B2D93B2A33}"
EndProject
Project("{2150E333-8FDC-42A3-9474-1A3956D46DE8}") = ".nuget", ".nuget", "{FDAF603A-816D-40CE-A294-107B2ABCD1E3}"
	ProjectSection(SolutionItems) = preProject
		.nuget\packages.config = .nuget\packages.config
	EndProjectSection
EndProject
Global
	GlobalSection(SolutionConfigurationPlatforms) = preSolution
		Debug|Any CPU = Debug|Any CPU
		Release|Any CPU = Release|Any CPU
	EndGlobalSection
	GlobalSection(ProjectConfigurationPlatforms) = postSolution
		{8AAD0749-F402-406E-978E-E2B2D93B2A33}.Debug|Any CPU.ActiveCfg = Debug|Any CPU
		{8AAD0749-F402-406E-978E-E2B2D93B2A33}.Debug|Any CPU.Build.0 = Debug|Any CPU
		{8AAD0749-F402-406E-978E-E2B2D93B2A33}.Release|Any CPU.ActiveCfg = Release|Any CPU
		{8AAD0749-F402-406E-978E-E2B2D93B2A33}.Release|Any CPU.Build.0 = Release|Any CPU
	EndGlobalSection
	GlobalSection(SolutionProperties) = preSolution
		HideSolutionNode = FALSE
	EndGlobalSection
EndGlobal
